
Microsoft Visual Studio Solution File, Format Version 12.00
# Visual Studio Version 16
VisualStudioVersion = 16.0.30717.126
MinimumVisualStudioVersion = 10.0.40219.1
Project("{FAE04EC0-301F-11D3-BF4B-00C04F79EFBC}") = "TestLibrary", "TestLibrary.csproj", "{15AADF61-69D3-44D2-844C-FA3EC4E9D093}"
EndProject
Global
	GlobalSection(SolutionConfigurationPlatforms) = preSolution
		Debug|Any CPU = Debug|Any CPU
		Release|Any CPU = Release|Any CPU
	EndGlobalSection
	GlobalSection(ProjectConfigurationPlatforms) = postSolution
		{15AADF61-69D3-44D2-844C-FA3EC4E9D093}.Debug|Any CPU.ActiveCfg = Debug|Any CPU
		{15AADF61-69D3-44D2-844C-FA3EC4E9D093}.Debug|Any CPU.Build.0 = Debug|Any CPU
		{15AADF61-69D3-44D2-844C-FA3EC4E9D093}.Release|Any CPU.ActiveCfg = Release|Any CPU
		{15AADF61-69D3-44D2-844C-FA3EC4E9D093}.Release|Any CPU.Build.0 = Release|Any CPU
	EndGlobalSection
	GlobalSection(SolutionProperties) = preSolution
		HideSolutionNode = FALSE
	EndGlobalSection
	GlobalSection(ExtensibilityGlobals) = postSolution
		SolutionGuid = {0640253A-E9A1-47D2-AAAD-DD02555AE20D}
	EndGlobalSection
EndGlobal
